
Microsoft Visual Studio Solution File, Format Version 12.00
# Visual Studio 14
VisualStudioVersion = 14.0.25420.1
MinimumVisualStudioVersion = 10.0.40219.1
Project("{FAE04EC0-301F-11D3-BF4B-00C04F79EFBC}") = "_01.NNsestedLoops", "_01.NNsestedLoops\_01.NNsestedLoops.csproj", "{490BFB3F-91E9-44F4-8DE9-653A54614431}"
EndProject
Project("{FAE04EC0-301F-11D3-BF4B-00C04F79EFBC}") = "ConsoleUI", "ConsoleUI\ConsoleUI.csproj", "{6685B00A-F4E0-41D2-AB3D-FEDD7B740317}"
EndProject
Project("{FAE04EC0-301F-11D3-BF4B-00C04F79EFBC}") = "_02.CombinationsWithDuplicates", "_02.CombinationsWithDuplicates\_02.CombinationsWithDuplicates.csproj", "{A3034327-A71E-4A02-B058-E98D90024509}"
EndProject
Project("{FAE04EC0-301F-11D3-BF4B-00C04F79EFBC}") = "_03.CombinationsNoDuplicates", "_03.CombinationsNoDuplicates\_03.CombinationsNoDuplicates.csproj", "{9308C95C-817E-4CA5-A6AC-DE9D2EFB26E1}"
EndProject
Global
	GlobalSection(SolutionConfigurationPlatforms) = preSolution
		Debug|Any CPU = Debug|Any CPU
		Release|Any CPU = Release|Any CPU
	EndGlobalSection
	GlobalSection(ProjectConfigurationPlatforms) = postSolution
		{490BFB3F-91E9-44F4-8DE9-653A54614431}.Debug|Any CPU.ActiveCfg = Debug|Any CPU
		{490BFB3F-91E9-44F4-8DE9-653A54614431}.Debug|Any CPU.Build.0 = Debug|Any CPU
		{490BFB3F-91E9-44F4-8DE9-653A54614431}.Release|Any CPU.ActiveCfg = Release|Any CPU
		{490BFB3F-91E9-44F4-8DE9-653A54614431}.Release|Any CPU.Build.0 = Release|Any CPU
		{6685B00A-F4E0-41D2-AB3D-FEDD7B740317}.Debug|Any CPU.ActiveCfg = Debug|Any CPU
		{6685B00A-F4E0-41D2-AB3D-FEDD7B740317}.Debug|Any CPU.Build.0 = Debug|Any CPU
		{6685B00A-F4E0-41D2-AB3D-FEDD7B740317}.Release|Any CPU.ActiveCfg = Release|Any CPU
		{6685B00A-F4E0-41D2-AB3D-FEDD7B740317}.Release|Any CPU.Build.0 = Release|Any CPU
		{A3034327-A71E-4A02-B058-E98D90024509}.Debug|Any CPU.ActiveCfg = Debug|Any CPU
		{A3034327-A71E-4A02-B058-E98D90024509}.Debug|Any CPU.Build.0 = Debug|Any CPU
		{A3034327-A71E-4A02-B058-E98D90024509}.Release|Any CPU.ActiveCfg = Release|Any CPU
		{A3034327-A71E-4A02-B058-E98D90024509}.Release|Any CPU.Build.0 = Release|Any CPU
		{9308C95C-817E-4CA5-A6AC-DE9D2EFB26E1}.Debug|Any CPU.ActiveCfg = Debug|Any CPU
		{9308C95C-817E-4CA5-A6AC-DE9D2EFB26E1}.Debug|Any CPU.Build.0 = Debug|Any CPU
		{9308C95C-817E-4CA5-A6AC-DE9D2EFB26E1}.Release|Any CPU.ActiveCfg = Release|Any CPU
		{9308C95C-817E-4CA5-A6AC-DE9D2EFB26E1}.Release|Any CPU.Build.0 = Release|Any CPU
	EndGlobalSection
	GlobalSection(SolutionProperties) = preSolution
		HideSolutionNode = FALSE
	EndGlobalSection
EndGlobal
