
Microsoft Visual Studio Solution File, Format Version 12.00
# Visual Studio 15
VisualStudioVersion = 15.0.26430.16
MinimumVisualStudioVersion = 10.0.40219.1
Project("{FAE04EC0-301F-11D3-BF4B-00C04F79EFBC}") = "BinaryPasswords", "BinaryPasswords.csproj", "{350A42D9-D849-4989-A05B-7E2ED139D661}"
EndProject
Project("{FAE04EC0-301F-11D3-BF4B-00C04F79EFBC}") = "ColorRabbits", "..\ColorRabbits\ColorRabbits.csproj", "{7839A9E1-85ED-41E7-93AF-81E70AA64034}"
EndProject
Project("{FAE04EC0-301F-11D3-BF4B-00C04F79EFBC}") = "Dividers", "Dividers\Dividers.csproj", "{D0DCB55B-A25E-490A-ACD4-9D81CDC16E50}"
EndProject
Global
	GlobalSection(SolutionConfigurationPlatforms) = preSolution
		Debug|Any CPU = Debug|Any CPU
		Release|Any CPU = Release|Any CPU
	EndGlobalSection
	GlobalSection(ProjectConfigurationPlatforms) = postSolution
		{350A42D9-D849-4989-A05B-7E2ED139D661}.Debug|Any CPU.ActiveCfg = Debug|Any CPU
		{350A42D9-D849-4989-A05B-7E2ED139D661}.Debug|Any CPU.Build.0 = Debug|Any CPU
		{350A42D9-D849-4989-A05B-7E2ED139D661}.Release|Any CPU.ActiveCfg = Release|Any CPU
		{350A42D9-D849-4989-A05B-7E2ED139D661}.Release|Any CPU.Build.0 = Release|Any CPU
		{7839A9E1-85ED-41E7-93AF-81E70AA64034}.Debug|Any CPU.ActiveCfg = Debug|Any CPU
		{7839A9E1-85ED-41E7-93AF-81E70AA64034}.Debug|Any CPU.Build.0 = Debug|Any CPU
		{7839A9E1-85ED-41E7-93AF-81E70AA64034}.Release|Any CPU.ActiveCfg = Release|Any CPU
		{7839A9E1-85ED-41E7-93AF-81E70AA64034}.Release|Any CPU.Build.0 = Release|Any CPU
		{D0DCB55B-A25E-490A-ACD4-9D81CDC16E50}.Debug|Any CPU.ActiveCfg = Debug|Any CPU
		{D0DCB55B-A25E-490A-ACD4-9D81CDC16E50}.Debug|Any CPU.Build.0 = Debug|Any CPU
		{D0DCB55B-A25E-490A-ACD4-9D81CDC16E50}.Release|Any CPU.ActiveCfg = Release|Any CPU
		{D0DCB55B-A25E-490A-ACD4-9D81CDC16E50}.Release|Any CPU.Build.0 = Release|Any CPU
	EndGlobalSection
	GlobalSection(SolutionProperties) = preSolution
		HideSolutionNode = FALSE
	EndGlobalSection
EndGlobal
