
Microsoft Visual Studio Solution File, Format Version 12.00
# Visual Studio 14
VisualStudioVersion = 14.0.25420.1
MinimumVisualStudioVersion = 10.0.40219.1
Project("{FAE04EC0-301F-11D3-BF4B-00C04F79EFBC}") = "JediMeditation", "JediMeditation\JediMeditation.csproj", "{65B4C77C-5FBB-4E8B-BB18-77037F1B8A35}"
EndProject
Project("{FAE04EC0-301F-11D3-BF4B-00C04F79EFBC}") = "Swapping", "Swapping\Swapping.csproj", "{5E4B3856-8524-459A-9EF8-9E0CDEF6AD64}"
EndProject
Project("{FAE04EC0-301F-11D3-BF4B-00C04F79EFBC}") = "Numerology", "Numerology\Numerology.csproj", "{3A442ECD-A13A-490A-8210-4049AF0FA2F6}"
EndProject
Global
	GlobalSection(SolutionConfigurationPlatforms) = preSolution
		Debug|Any CPU = Debug|Any CPU
		Release|Any CPU = Release|Any CPU
	EndGlobalSection
	GlobalSection(ProjectConfigurationPlatforms) = postSolution
		{65B4C77C-5FBB-4E8B-BB18-77037F1B8A35}.Debug|Any CPU.ActiveCfg = Debug|Any CPU
		{65B4C77C-5FBB-4E8B-BB18-77037F1B8A35}.Debug|Any CPU.Build.0 = Debug|Any CPU
		{65B4C77C-5FBB-4E8B-BB18-77037F1B8A35}.Release|Any CPU.ActiveCfg = Release|Any CPU
		{65B4C77C-5FBB-4E8B-BB18-77037F1B8A35}.Release|Any CPU.Build.0 = Release|Any CPU
		{5E4B3856-8524-459A-9EF8-9E0CDEF6AD64}.Debug|Any CPU.ActiveCfg = Debug|Any CPU
		{5E4B3856-8524-459A-9EF8-9E0CDEF6AD64}.Debug|Any CPU.Build.0 = Debug|Any CPU
		{5E4B3856-8524-459A-9EF8-9E0CDEF6AD64}.Release|Any CPU.ActiveCfg = Release|Any CPU
		{5E4B3856-8524-459A-9EF8-9E0CDEF6AD64}.Release|Any CPU.Build.0 = Release|Any CPU
		{3A442ECD-A13A-490A-8210-4049AF0FA2F6}.Debug|Any CPU.ActiveCfg = Debug|Any CPU
		{3A442ECD-A13A-490A-8210-4049AF0FA2F6}.Debug|Any CPU.Build.0 = Debug|Any CPU
		{3A442ECD-A13A-490A-8210-4049AF0FA2F6}.Release|Any CPU.ActiveCfg = Release|Any CPU
		{3A442ECD-A13A-490A-8210-4049AF0FA2F6}.Release|Any CPU.Build.0 = Release|Any CPU
	EndGlobalSection
	GlobalSection(SolutionProperties) = preSolution
		HideSolutionNode = FALSE
	EndGlobalSection
EndGlobal
