
Microsoft Visual Studio Solution File, Format Version 12.00
# Visual Studio 14
VisualStudioVersion = 14.0.25420.1
MinimumVisualStudioVersion = 10.0.40219.1
Project("{FAE04EC0-301F-11D3-BF4B-00C04F79EFBC}") = "CodeFirstTest", "CodeFirstTest.csproj", "{D7CB23C7-FE5A-4798-BE95-E95386C761F6}"
EndProject
Project("{FAE04EC0-301F-11D3-BF4B-00C04F79EFBC}") = "CodeFirstTest.Models", "..\CodeFirstTest.Models\CodeFirstTest.Models.csproj", "{84A1DDB1-3BFC-42FB-AD07-ABF543BE785D}"
EndProject
Global
	GlobalSection(SolutionConfigurationPlatforms) = preSolution
		Debug|Any CPU = Debug|Any CPU
		Release|Any CPU = Release|Any CPU
	EndGlobalSection
	GlobalSection(ProjectConfigurationPlatforms) = postSolution
		{D7CB23C7-FE5A-4798-BE95-E95386C761F6}.Debug|Any CPU.ActiveCfg = Debug|Any CPU
		{D7CB23C7-FE5A-4798-BE95-E95386C761F6}.Debug|Any CPU.Build.0 = Debug|Any CPU
		{D7CB23C7-FE5A-4798-BE95-E95386C761F6}.Release|Any CPU.ActiveCfg = Release|Any CPU
		{D7CB23C7-FE5A-4798-BE95-E95386C761F6}.Release|Any CPU.Build.0 = Release|Any CPU
		{84A1DDB1-3BFC-42FB-AD07-ABF543BE785D}.Debug|Any CPU.ActiveCfg = Debug|Any CPU
		{84A1DDB1-3BFC-42FB-AD07-ABF543BE785D}.Debug|Any CPU.Build.0 = Debug|Any CPU
		{84A1DDB1-3BFC-42FB-AD07-ABF543BE785D}.Release|Any CPU.ActiveCfg = Release|Any CPU
		{84A1DDB1-3BFC-42FB-AD07-ABF543BE785D}.Release|Any CPU.Build.0 = Release|Any CPU
	EndGlobalSection
	GlobalSection(SolutionProperties) = preSolution
		HideSolutionNode = FALSE
	EndGlobalSection
EndGlobal
